
Microsoft Visual Studio Solution File, Format Version 12.00
# Visual Studio Version 17
VisualStudioVersion = 17.2.32630.192
MinimumVisualStudioVersion = 10.0.40219.1
Project("{FAE04EC0-301F-11D3-BF4B-00C04F79EFBC}") = "polyclinic", "polyclinic\polyclinic.csproj", "{1A72A2AC-3282-463F-87E4-23B064A051B4}"
EndProject
Global
	GlobalSection(SolutionConfigurationPlatforms) = preSolution
		Debug|Any CPU = Debug|Any CPU
		Release|Any CPU = Release|Any CPU
	EndGlobalSection
	GlobalSection(ProjectConfigurationPlatforms) = postSolution
		{1A72A2AC-3282-463F-87E4-23B064A051B4}.Debug|Any CPU.ActiveCfg = Debug|Any CPU
		{1A72A2AC-3282-463F-87E4-23B064A051B4}.Debug|Any CPU.Build.0 = Debug|Any CPU
		{1A72A2AC-3282-463F-87E4-23B064A051B4}.Release|Any CPU.ActiveCfg = Release|Any CPU
		{1A72A2AC-3282-463F-87E4-23B064A051B4}.Release|Any CPU.Build.0 = Release|Any CPU
	EndGlobalSection
	GlobalSection(SolutionProperties) = preSolution
		HideSolutionNode = FALSE
	EndGlobalSection
	GlobalSection(ExtensibilityGlobals) = postSolution
		SolutionGuid = {643418C0-0B16-48AF-B1BD-2C35FF20EFBE}
	EndGlobalSection
EndGlobal
